
Microsoft Visual Studio Solution File, Format Version 12.00
# Visual Studio Version 16
VisualStudioVersion = 16.0.31229.75
MinimumVisualStudioVersion = 10.0.40219.1
Project("{8BC9CEB8-8B4A-11D0-8D11-00A0C91BC942}") = "Viktorina", "Viktorina\Viktorina.vcxproj", "{B37E8902-52C3-49FB-8C91-1A554CE5A82D}"
EndProject
Global
	GlobalSection(SolutionConfigurationPlatforms) = preSolution
		Debug|x64 = Debug|x64
		Debug|x86 = Debug|x86
		Release|x64 = Release|x64
		Release|x86 = Release|x86
	EndGlobalSection
	GlobalSection(ProjectConfigurationPlatforms) = postSolution
		{B37E8902-52C3-49FB-8C91-1A554CE5A82D}.Debug|x64.ActiveCfg = Debug|x64
		{B37E8902-52C3-49FB-8C91-1A554CE5A82D}.Debug|x64.Build.0 = Debug|x64
		{B37E8902-52C3-49FB-8C91-1A554CE5A82D}.Debug|x86.ActiveCfg = Debug|Win32
		{B37E8902-52C3-49FB-8C91-1A554CE5A82D}.Debug|x86.Build.0 = Debug|Win32
		{B37E8902-52C3-49FB-8C91-1A554CE5A82D}.Release|x64.ActiveCfg = Release|x64
		{B37E8902-52C3-49FB-8C91-1A554CE5A82D}.Release|x64.Build.0 = Release|x64
		{B37E8902-52C3-49FB-8C91-1A554CE5A82D}.Release|x86.ActiveCfg = Release|Win32
		{B37E8902-52C3-49FB-8C91-1A554CE5A82D}.Release|x86.Build.0 = Release|Win32
	EndGlobalSection
	GlobalSection(SolutionProperties) = preSolution
		HideSolutionNode = FALSE
	EndGlobalSection
	GlobalSection(ExtensibilityGlobals) = postSolution
		SolutionGuid = {203C51E6-4E3F-4CEC-938A-2FCFD0C8EBED}
	EndGlobalSection
EndGlobal
